// !$*UTF8*$!
{
	archiveVersion = 1;
	classes = {
	};
	objectVersion = 51;
	objects = {

/* Begin PBXBuildFile section */
		1932E725F6F1DF9307F19BC8 /* Pods_flixsterTests.framework in Frameworks */ = {isa = PBXBuildFile; fileRef = AF15361A685CA0BFC8242E8F /* Pods_flixsterTests.framework */; };
		7FFA74DF90528A96F247342E /* Pods_flixster.framework in Frameworks */ = {isa = PBXBuildFile; fileRef = 149E5776EDF9767CB870BBE3 /* Pods_flixster.framework */; };
		C1A44F1125DB18B6002BD940 /* AppDelegate.swift in Sources */ = {isa = PBXBuildFile; fileRef = C1A44F1025DB18B6002BD940 /* AppDelegate.swift */; };
		C1A44F1325DB18B6002BD940 /* SceneDelegate.swift in Sources */ = {isa = PBXBuildFile; fileRef = C1A44F1225DB18B6002BD940 /* SceneDelegate.swift */; };
		C1A44F1825DB18B6002BD940 /* Main.storyboard in Resources */ = {isa = PBXBuildFile; fileRef = C1A44F1625DB18B6002BD940 /* Main.storyboard */; };
		C1A44F1A25DB18B8002BD940 /* Assets.xcassets in Resources */ = {isa = PBXBuildFile; fileRef = C1A44F1925DB18B8002BD940 /* Assets.xcassets */; };
		C1A44F1D25DB18B8002BD940 /* LaunchScreen.storyboard in Resources */ = {isa = PBXBuildFile; fileRef = C1A44F1B25DB18B8002BD940 /* LaunchScreen.storyboard */; };
		C1A44F2825DB18B9002BD940 /* flixsterTests.swift in Sources */ = {isa = PBXBuildFile; fileRef = C1A44F2725DB18B9002BD940 /* flixsterTests.swift */; };
		C1A44F3325DB18B9002BD940 /* flixsterUITests.swift in Sources */ = {isa = PBXBuildFile; fileRef = C1A44F3225DB18B9002BD940 /* flixsterUITests.swift */; };
		C1A44F4425DE0EB3002BD940 /* MoviesViewController.swift in Sources */ = {isa = PBXBuildFile; fileRef = C1A44F4325DE0EB3002BD940 /* MoviesViewController.swift */; };
		C1A44F4925DE1F3E002BD940 /* MovieCell.swift in Sources */ = {isa = PBXBuildFile; fileRef = C1A44F4825DE1F3E002BD940 /* MovieCell.swift */; };
		C32BAB4B31C3E75B59877613 /* Pods_flixster_flixsterUITests.framework in Frameworks */ = {isa = PBXBuildFile; fileRef = FE92CC72F7662B88A611CDBD /* Pods_flixster_flixsterUITests.framework */; };
/* End PBXBuildFile section */

/* Begin PBXContainerItemProxy section */
		C1A44F2425DB18B9002BD940 /* PBXContainerItemProxy */ = {
			isa = PBXContainerItemProxy;
			containerPortal = C1A44F0525DB18B6002BD940 /* Project object */;
			proxyType = 1;
			remoteGlobalIDString = C1A44F0C25DB18B6002BD940;
			remoteInfo = flixster;
		};
		C1A44F2F25DB18B9002BD940 /* PBXContainerItemProxy */ = {
			isa = PBXContainerItemProxy;
			containerPortal = C1A44F0525DB18B6002BD940 /* Project object */;
			proxyType = 1;
			remoteGlobalIDString = C1A44F0C25DB18B6002BD940;
			remoteInfo = flixster;
		};
/* End PBXContainerItemProxy section */

/* Begin PBXFileReference section */
		149E5776EDF9767CB870BBE3 /* Pods_flixster.framework */ = {isa = PBXFileReference; explicitFileType = wrapper.framework; includeInIndex = 0; path = Pods_flixster.framework; sourceTree = BUILT_PRODUCTS_DIR; };
		1AFBB8B62DB8BCA60FCF6D93 /* Pods-flixster.release.xcconfig */ = {isa = PBXFileReference; includeInIndex = 1; lastKnownFileType = text.xcconfig; name = "Pods-flixster.release.xcconfig"; path = "Target Support Files/Pods-flixster/Pods-flixster.release.xcconfig"; sourceTree = "<group>"; };
		47CEB170345837A60FE20019 /* Pods-flixsterTests.release.xcconfig */ = {isa = PBXFileReference; includeInIndex = 1; lastKnownFileType = text.xcconfig; name = "Pods-flixsterTests.release.xcconfig"; path = "Target Support Files/Pods-flixsterTests/Pods-flixsterTests.release.xcconfig"; sourceTree = "<group>"; };
		A33E6DE2C83940856BF79181 /* Pods-flixster-flixsterUITests.release.xcconfig */ = {isa = PBXFileReference; includeInIndex = 1; lastKnownFileType = text.xcconfig; name = "Pods-flixster-flixsterUITests.release.xcconfig"; path = "Target Support Files/Pods-flixster-flixsterUITests/Pods-flixster-flixsterUITests.release.xcconfig"; sourceTree = "<group>"; };
		AAEB6620C56924383C8EA5CD /* Pods-flixster.debug.xcconfig */ = {isa = PBXFileReference; includeInIndex = 1; lastKnownFileType = text.xcconfig; name = "Pods-flixster.debug.xcconfig"; path = "Target Support Files/Pods-flixster/Pods-flixster.debug.xcconfig"; sourceTree = "<group>"; };
		AF15361A685CA0BFC8242E8F /* Pods_flixsterTests.framework */ = {isa = PBXFileReference; explicitFileType = wrapper.framework; includeInIndex = 0; path = Pods_flixsterTests.framework; sourceTree = BUILT_PRODUCTS_DIR; };
		C1A44F0D25DB18B6002BD940 /* flixster.app */ = {isa = PBXFileReference; explicitFileType = wrapper.application; includeInIndex = 0; path = flixster.app; sourceTree = BUILT_PRODUCTS_DIR; };
		C1A44F1025DB18B6002BD940 /* AppDelegate.swift */ = {isa = PBXFileReference; lastKnownFileType = sourcecode.swift; path = AppDelegate.swift; sourceTree = "<group>"; };
		C1A44F1225DB18B6002BD940 /* SceneDelegate.swift */ = {isa = PBXFileReference; lastKnownFileType = sourcecode.swift; path = SceneDelegate.swift; sourceTree = "<group>"; };
		C1A44F1725DB18B6002BD940 /* Base */ = {isa = PBXFileReference; lastKnownFileType = file.storyboard; name = Base; path = Base.lproj/Main.storyboard; sourceTree = "<group>"; };
		C1A44F1925DB18B8002BD940 /* Assets.xcassets */ = {isa = PBXFileReference; lastKnownFileType = folder.assetcatalog; path = Assets.xcassets; sourceTree = "<group>"; };
		C1A44F1C25DB18B8002BD940 /* Base */ = {isa = PBXFileReference; lastKnownFileType = file.storyboard; name = Base; path = Base.lproj/LaunchScreen.storyboard; sourceTree = "<group>"; };
		C1A44F1E25DB18B8002BD940 /* Info.plist */ = {isa = PBXFileReference; lastKnownFileType = text.plist.xml; path = Info.plist; sourceTree = "<group>"; };
		C1A44F2325DB18B9002BD940 /* flixsterTests.xctest */ = {isa = PBXFileReference; explicitFileType = wrapper.cfbundle; includeInIndex = 0; path = flixsterTests.xctest; sourceTree = BUILT_PRODUCTS_DIR; };
		C1A44F2725DB18B9002BD940 /* flixsterTests.swift */ = {isa = PBXFileReference; lastKnownFileType = sourcecode.swift; path = flixsterTests.swift; sourceTree = "<group>"; };
		C1A44F2925DB18B9002BD940 /* Info.plist */ = {isa = PBXFileReference; lastKnownFileType = text.plist.xml; path = Info.plist; sourceTree = "<group>"; };
		C1A44F2E25DB18B9002BD940 /* flixsterUITests.xctest */ = {isa = PBXFileReference; explicitFileType = wrapper.cfbundle; includeInIndex = 0; path = flixsterUITests.xctest; sourceTree = BUILT_PRODUCTS_DIR; };
		C1A44F3225DB18B9002BD940 /* flixsterUITests.swift */ = {isa = PBXFileReference; lastKnownFileType = sourcecode.swift; path = flixsterUITests.swift; sourceTree = "<group>"; };
		C1A44F3425DB18B9002BD940 /* Info.plist */ = {isa = PBXFileReference; lastKnownFileType = text.plist.xml; path = Info.plist; sourceTree = "<group>"; };
		C1A44F4325DE0EB3002BD940 /* MoviesViewController.swift */ = {isa = PBXFileReference; lastKnownFileType = sourcecode.swift; path = MoviesViewController.swift; sourceTree = "<group>"; };
		C1A44F4825DE1F3E002BD940 /* MovieCell.swift */ = {isa = PBXFileReference; lastKnownFileType = sourcecode.swift; path = MovieCell.swift; sourceTree = "<group>"; };
		EC354A2C572FA3F1CEFE2D88 /* Pods-flixsterTests.debug.xcconfig */ = {isa = PBXFileReference; includeInIndex = 1; lastKnownFileType = text.xcconfig; name = "Pods-flixsterTests.debug.xcconfig"; path = "Target Support Files/Pods-flixsterTests/Pods-flixsterTests.debug.xcconfig"; sourceTree = "<group>"; };
		FC7BAB13BCBA2BF3DBA2D3FE /* Pods-flixster-flixsterUITests.debug.xcconfig */ = {isa = PBXFileReference; includeInIndex = 1; lastKnownFileType = text.xcconfig; name = "Pods-flixster-flixsterUITests.debug.xcconfig"; path = "Target Support Files/Pods-flixster-flixsterUITests/Pods-flixster-flixsterUITests.debug.xcconfig"; sourceTree = "<group>"; };
		FE92CC72F7662B88A611CDBD /* Pods_flixster_flixsterUITests.framework */ = {isa = PBXFileReference; explicitFileType = wrapper.framework; includeInIndex = 0; path = Pods_flixster_flixsterUITests.framework; sourceTree = BUILT_PRODUCTS_DIR; };
/* End PBXFileReference section */

/* Begin PBXFrameworksBuildPhase section */
		C1A44F0A25DB18B6002BD940 /* Frameworks */ = {
			isa = PBXFrameworksBuildPhase;
			buildActionMask = 2147483647;
			files = (
				7FFA74DF90528A96F247342E /* Pods_flixster.framework in Frameworks */,
			);
			runOnlyForDeploymentPostprocessing = 0;
		};
		C1A44F2025DB18B9002BD940 /* Frameworks */ = {
			isa = PBXFrameworksBuildPhase;
			buildActionMask = 2147483647;
			files = (
				1932E725F6F1DF9307F19BC8 /* Pods_flixsterTests.framework in Frameworks */,
			);
			runOnlyForDeploymentPostprocessing = 0;
		};
		C1A44F2B25DB18B9002BD940 /* Frameworks */ = {
			isa = PBXFrameworksBuildPhase;
			buildActionMask = 2147483647;
			files = (
				C32BAB4B31C3E75B59877613 /* Pods_flixster_flixsterUITests.framework in Frameworks */,
			);
			runOnlyForDeploymentPostprocessing = 0;
		};
/* End PBXFrameworksBuildPhase section */

/* Begin PBXGroup section */
		028D396870BF29C7C76056ED /* Pods */ = {
			isa = PBXGroup;
			children = (
				AAEB6620C56924383C8EA5CD /* Pods-flixster.debug.xcconfig */,
				1AFBB8B62DB8BCA60FCF6D93 /* Pods-flixster.release.xcconfig */,
				FC7BAB13BCBA2BF3DBA2D3FE /* Pods-flixster-flixsterUITests.debug.xcconfig */,
				A33E6DE2C83940856BF79181 /* Pods-flixster-flixsterUITests.release.xcconfig */,
				EC354A2C572FA3F1CEFE2D88 /* Pods-flixsterTests.debug.xcconfig */,
				47CEB170345837A60FE20019 /* Pods-flixsterTests.release.xcconfig */,
			);
			path = Pods;
			sourceTree = "<group>";
		};
		0905A92BF6AA41E82E05E913 /* Frameworks */ = {
			isa = PBXGroup;
			children = (
				149E5776EDF9767CB870BBE3 /* Pods_flixster.framework */,
				FE92CC72F7662B88A611CDBD /* Pods_flixster_flixsterUITests.framework */,
				AF15361A685CA0BFC8242E8F /* Pods_flixsterTests.framework */,
			);
			name = Frameworks;
			sourceTree = "<group>";
		};
		C1A44F0425DB18B6002BD940 = {
			isa = PBXGroup;
			children = (
				C1A44F0F25DB18B6002BD940 /* flixster */,
				C1A44F2625DB18B9002BD940 /* flixsterTests */,
				C1A44F3125DB18B9002BD940 /* flixsterUITests */,
				C1A44F0E25DB18B6002BD940 /* Products */,
				028D396870BF29C7C76056ED /* Pods */,
				0905A92BF6AA41E82E05E913 /* Frameworks */,
			);
			sourceTree = "<group>";
		};
		C1A44F0E25DB18B6002BD940 /* Products */ = {
			isa = PBXGroup;
			children = (
				C1A44F0D25DB18B6002BD940 /* flixster.app */,
				C1A44F2325DB18B9002BD940 /* flixsterTests.xctest */,
				C1A44F2E25DB18B9002BD940 /* flixsterUITests.xctest */,
			);
			name = Products;
			sourceTree = "<group>";
		};
		C1A44F0F25DB18B6002BD940 /* flixster */ = {
			isa = PBXGroup;
			children = (
				C1A44F1025DB18B6002BD940 /* AppDelegate.swift */,
				C1A44F1225DB18B6002BD940 /* SceneDelegate.swift */,
				C1A44F1625DB18B6002BD940 /* Main.storyboard */,
				C1A44F4325DE0EB3002BD940 /* MoviesViewController.swift */,
				C1A44F4825DE1F3E002BD940 /* MovieCell.swift */,
				C1A44F1925DB18B8002BD940 /* Assets.xcassets */,
				C1A44F1B25DB18B8002BD940 /* LaunchScreen.storyboard */,
				C1A44F1E25DB18B8002BD940 /* Info.plist */,
			);
			path = flixster;
			sourceTree = "<group>";
		};
		C1A44F2625DB18B9002BD940 /* flixsterTests */ = {
			isa = PBXGroup;
			children = (
				C1A44F2725DB18B9002BD940 /* flixsterTests.swift */,
				C1A44F2925DB18B9002BD940 /* Info.plist */,
			);
			path = flixsterTests;
			sourceTree = "<group>";
		};
		C1A44F3125DB18B9002BD940 /* flixsterUITests */ = {
			isa = PBXGroup;
			children = (
				C1A44F3225DB18B9002BD940 /* flixsterUITests.swift */,
				C1A44F3425DB18B9002BD940 /* Info.plist */,
			);
			path = flixsterUITests;
			sourceTree = "<group>";
		};
/* End PBXGroup section */

/* Begin PBXNativeTarget section */
		C1A44F0C25DB18B6002BD940 /* flixster */ = {
			isa = PBXNativeTarget;
			buildConfigurationList = C1A44F3725DB18B9002BD940 /* Build configuration list for PBXNativeTarget "flixster" */;
			buildPhases = (
				2E95CA6AAFCF03B949346DDA /* [CP] Check Pods Manifest.lock */,
				C1A44F0925DB18B6002BD940 /* Sources */,
				C1A44F0A25DB18B6002BD940 /* Frameworks */,
				C1A44F0B25DB18B6002BD940 /* Resources */,
				88044B136A7E5353E90616EE /* [CP] Embed Pods Frameworks */,
			);
			buildRules = (
			);
			dependencies = (
			);
			name = flixster;
			productName = flixster;
			productReference = C1A44F0D25DB18B6002BD940 /* flixster.app */;
			productType = "com.apple.product-type.application";
		};
		C1A44F2225DB18B9002BD940 /* flixsterTests */ = {
			isa = PBXNativeTarget;
			buildConfigurationList = C1A44F3A25DB18B9002BD940 /* Build configuration list for PBXNativeTarget "flixsterTests" */;
			buildPhases = (
				694F29BF59E27BCFC451DFC7 /* [CP] Check Pods Manifest.lock */,
				C1A44F1F25DB18B9002BD940 /* Sources */,
				C1A44F2025DB18B9002BD940 /* Frameworks */,
				C1A44F2125DB18B9002BD940 /* Resources */,
			);
			buildRules = (
			);
			dependencies = (
				C1A44F2525DB18B9002BD940 /* PBXTargetDependency */,
			);
			name = flixsterTests;
			productName = flixsterTests;
			productReference = C1A44F2325DB18B9002BD940 /* flixsterTests.xctest */;
			productType = "com.apple.product-type.bundle.unit-test";
		};
		C1A44F2D25DB18B9002BD940 /* flixsterUITests */ = {
			isa = PBXNativeTarget;
			buildConfigurationList = C1A44F3D25DB18B9002BD940 /* Build configuration list for PBXNativeTarget "flixsterUITests" */;
			buildPhases = (
				E17F8636BBEA96A394D77DE6 /* [CP] Check Pods Manifest.lock */,
				C1A44F2A25DB18B9002BD940 /* Sources */,
				C1A44F2B25DB18B9002BD940 /* Frameworks */,
				C1A44F2C25DB18B9002BD940 /* Resources */,
				EBB06D320DCFA5BA696158FC /* [CP] Embed Pods Frameworks */,
			);
			buildRules = (
			);
			dependencies = (
				C1A44F3025DB18B9002BD940 /* PBXTargetDependency */,
			);
			name = flixsterUITests;
			productName = flixsterUITests;
			productReference = C1A44F2E25DB18B9002BD940 /* flixsterUITests.xctest */;
			productType = "com.apple.product-type.bundle.ui-testing";
		};
/* End PBXNativeTarget section */

/* Begin PBXProject section */
		C1A44F0525DB18B6002BD940 /* Project object */ = {
			isa = PBXProject;
			attributes = {
				LastSwiftUpdateCheck = 1230;
				LastUpgradeCheck = 1230;
				TargetAttributes = {
					C1A44F0C25DB18B6002BD940 = {
						CreatedOnToolsVersion = 12.3;
					};
					C1A44F2225DB18B9002BD940 = {
						CreatedOnToolsVersion = 12.3;
						TestTargetID = C1A44F0C25DB18B6002BD940;
					};
					C1A44F2D25DB18B9002BD940 = {
						CreatedOnToolsVersion = 12.3;
						TestTargetID = C1A44F0C25DB18B6002BD940;
					};
				};
			};
			buildConfigurationList = C1A44F0825DB18B6002BD940 /* Build configuration list for PBXProject "flixster" */;
			compatibilityVersion = "Xcode 9.3";
			developmentRegion = en;
			hasScannedForEncodings = 0;
			knownRegions = (
				en,
				Base,
			);
			mainGroup = C1A44F0425DB18B6002BD940;
			productRefGroup = C1A44F0E25DB18B6002BD940 /* Products */;
			projectDirPath = "";
			projectRoot = "";
			targets = (
				C1A44F0C25DB18B6002BD940 /* flixster */,
				C1A44F2225DB18B9002BD940 /* flixsterTests */,
				C1A44F2D25DB18B9002BD940 /* flixsterUITests */,
			);
		};
/* End PBXProject section */

/* Begin PBXResourcesBuildPhase section */
		C1A44F0B25DB18B6002BD940 /* Resources */ = {
			isa = PBXResourcesBuildPhase;
			buildActionMask = 2147483647;
			files = (
				C1A44F1D25DB18B8002BD940 /* LaunchScreen.storyboard in Resources */,
				C1A44F1A25DB18B8002BD940 /* Assets.xcassets in Resources */,
				C1A44F1825DB18B6002BD940 /* Main.storyboard in Resources */,
			);
			runOnlyForDeploymentPostprocessing = 0;
		};
		C1A44F2125DB18B9002BD940 /* Resources */ = {
			isa = PBXResourcesBuildPhase;
			buildActionMask = 2147483647;
			files = (
			);
			runOnlyForDeploymentPostprocessing = 0;
		};
		C1A44F2C25DB18B9002BD940 /* Resources */ = {
			isa = PBXResourcesBuildPhase;
			buildActionMask = 2147483647;
			files = (
			);
			runOnlyForDeploymentPostprocessing = 0;
		};
/* End PBXResourcesBuildPhase section */

/* Begin PBXShellScriptBuildPhase section */
		2E95CA6AAFCF03B949346DDA /* [CP] Check Pods Manifest.lock */ = {
			isa = PBXShellScriptBuildPhase;
			buildActionMask = 2147483647;
			files = (
			);
			inputFileListPaths = (
			);
			inputPaths = (
				"${PODS_PODFILE_DIR_PATH}/Podfile.lock",
				"${PODS_ROOT}/Manifest.lock",
			);
			name = "[CP] Check Pods Manifest.lock";
			outputFileListPaths = (
			);
			outputPaths = (
				"$(DERIVED_FILE_DIR)/Pods-flixster-checkManifestLockResult.txt",
			);
			runOnlyForDeploymentPostprocessing = 0;
			shellPath = /bin/sh;
			shellScript = "diff \"${PODS_PODFILE_DIR_PATH}/Podfile.lock\" \"${PODS_ROOT}/Manifest.lock\" > /dev/null\nif [ $? != 0 ] ; then\n    # print error to STDERR\n    echo \"error: The sandbox is not in sync with the Podfile.lock. Run 'pod install' or update your CocoaPods installation.\" >&2\n    exit 1\nfi\n# This output is used by Xcode 'outputs' to avoid re-running this script phase.\necho \"SUCCESS\" > \"${SCRIPT_OUTPUT_FILE_0}\"\n";
			showEnvVarsInLog = 0;
		};
		694F29BF59E27BCFC451DFC7 /* [CP] Check Pods Manifest.lock */ = {
			isa = PBXShellScriptBuildPhase;
			buildActionMask = 2147483647;
			files = (
			);
			inputFileListPaths = (
			);
			inputPaths = (
				"${PODS_PODFILE_DIR_PATH}/Podfile.lock",
				"${PODS_ROOT}/Manifest.lock",
			);
			name = "[CP] Check Pods Manifest.lock";
			outputFileListPaths = (
			);
			outputPaths = (
				"$(DERIVED_FILE_DIR)/Pods-flixsterTests-checkManifestLockResult.txt",
			);
			runOnlyForDeploymentPostprocessing = 0;
			shellPath = /bin/sh;
			shellScript = "diff \"${PODS_PODFILE_DIR_PATH}/Podfile.lock\" \"${PODS_ROOT}/Manifest.lock\" > /dev/null\nif [ $? != 0 ] ; then\n    # print error to STDERR\n    echo \"error: The sandbox is not in sync with the Podfile.lock. Run 'pod install' or update your CocoaPods installation.\" >&2\n    exit 1\nfi\n# This output is used by Xcode 'outputs' to avoid re-running this script phase.\necho \"SUCCESS\" > \"${SCRIPT_OUTPUT_FILE_0}\"\n";
			showEnvVarsInLog = 0;
		};
		88044B136A7E5353E90616EE /* [CP] Embed Pods Frameworks */ = {
			isa = PBXShellScriptBuildPhase;
			buildActionMask = 2147483647;
			files = (
			);
			inputFileListPaths = (
				"${PODS_ROOT}/Target Support Files/Pods-flixster/Pods-flixster-frameworks-${CONFIGURATION}-input-files.xcfilelist",
			);
			name = "[CP] Embed Pods Frameworks";
			outputFileListPaths = (
				"${PODS_ROOT}/Target Support Files/Pods-flixster/Pods-flixster-frameworks-${CONFIGURATION}-output-files.xcfilelist",
			);
			runOnlyForDeploymentPostprocessing = 0;
			shellPath = /bin/sh;
			shellScript = "\"${PODS_ROOT}/Target Support Files/Pods-flixster/Pods-flixster-frameworks.sh\"\n";
			showEnvVarsInLog = 0;
		};
		E17F8636BBEA96A394D77DE6 /* [CP] Check Pods Manifest.lock */ = {
			isa = PBXShellScriptBuildPhase;
			buildActionMask = 2147483647;
			files = (
			);
			inputFileListPaths = (
			);
			inputPaths = (
				"${PODS_PODFILE_DIR_PATH}/Podfile.lock",
				"${PODS_ROOT}/Manifest.lock",
			);
			name = "[CP] Check Pods Manifest.lock";
			outputFileListPaths = (
			);
			outputPaths = (
				"$(DERIVED_FILE_DIR)/Pods-flixster-flixsterUITests-checkManifestLockResult.txt",
			);
			runOnlyForDeploymentPostprocessing = 0;
			shellPath = /bin/sh;
			shellScript = "diff \"${PODS_PODFILE_DIR_PATH}/Podfile.lock\" \"${PODS_ROOT}/Manifest.lock\" > /dev/null\nif [ $? != 0 ] ; then\n    # print error to STDERR\n    echo \"error: The sandbox is not in sync with the Podfile.lock. Run 'pod install' or update your CocoaPods installation.\" >&2\n    exit 1\nfi\n# This output is used by Xcode 'outputs' to avoid re-running this script phase.\necho \"SUCCESS\" > \"${SCRIPT_OUTPUT_FILE_0}\"\n";
			showEnvVarsInLog = 0;
		};
		EBB06D320DCFA5BA696158FC /* [CP] Embed Pods Frameworks */ = {
			isa = PBXShellScriptBuildPhase;
			buildActionMask = 2147483647;
			files = (
			);
			inputFileListPaths = (
				"${PODS_ROOT}/Target Support Files/Pods-flixster-flixsterUITests/Pods-flixster-flixsterUITests-frameworks-${CONFIGURATION}-input-files.xcfilelist",
			);
			name = "[CP] Embed Pods Frameworks";
			outputFileListPaths = (
				"${PODS_ROOT}/Target Support Files/Pods-flixster-flixsterUITests/Pods-flixster-flixsterUITests-frameworks-${CONFIGURATION}-output-files.xcfilelist",
			);
			runOnlyForDeploymentPostprocessing = 0;
			shellPath = /bin/sh;
			shellScript = "\"${PODS_ROOT}/Target Support Files/Pods-flixster-flixsterUITests/Pods-flixster-flixsterUITests-frameworks.sh\"\n";
			showEnvVarsInLog = 0;
		};
/* End PBXShellScriptBuildPhase section */

/* Begin PBXSourcesBuildPhase section */
		C1A44F0925DB18B6002BD940 /* Sources */ = {
			isa = PBXSourcesBuildPhase;
			buildActionMask = 2147483647;
			files = (
				C1A44F1125DB18B6002BD940 /* AppDelegate.swift in Sources */,
				C1A44F1325DB18B6002BD940 /* SceneDelegate.swift in Sources */,
				C1A44F4925DE1F3E002BD940 /* MovieCell.swift in Sources */,
				C1A44F4425DE0EB3002BD940 /* MoviesViewController.swift in Sources */,
			);
			runOnlyForDeploymentPostprocessing = 0;
		};
		C1A44F1F25DB18B9002BD940 /* Sources */ = {
			isa = PBXSourcesBuildPhase;
			buildActionMask = 2147483647;
			files = (
				C1A44F2825DB18B9002BD940 /* flixsterTests.swift in Sources */,
			);
			runOnlyForDeploymentPostprocessing = 0;
		};
		C1A44F2A25DB18B9002BD940 /* Sources */ = {
			isa = PBXSourcesBuildPhase;
			buildActionMask = 2147483647;
			files = (
				C1A44F3325DB18B9002BD940 /* flixsterUITests.swift in Sources */,
			);
			runOnlyForDeploymentPostprocessing = 0;
		};
/* End PBXSourcesBuildPhase section */

/* Begin PBXTargetDependency section */
		C1A44F2525DB18B9002BD940 /* PBXTargetDependency */ = {
			isa = PBXTargetDependency;
			target = C1A44F0C25DB18B6002BD940 /* flixster */;
			targetProxy = C1A44F2425DB18B9002BD940 /* PBXContainerItemProxy */;
		};
		C1A44F3025DB18B9002BD940 /* PBXTargetDependency */ = {
			isa = PBXTargetDependency;
			target = C1A44F0C25DB18B6002BD940 /* flixster */;
			targetProxy = C1A44F2F25DB18B9002BD940 /* PBXContainerItemProxy */;
		};
/* End PBXTargetDependency section */

/* Begin PBXVariantGroup section */
		C1A44F1625DB18B6002BD940 /* Main.storyboard */ = {
			isa = PBXVariantGroup;
			children = (
				C1A44F1725DB18B6002BD940 /* Base */,
			);
			name = Main.storyboard;
			sourceTree = "<group>";
		};
		C1A44F1B25DB18B8002BD940 /* LaunchScreen.storyboard */ = {
			isa = PBXVariantGroup;
			children = (
				C1A44F1C25DB18B8002BD940 /* Base */,
			);
			name = LaunchScreen.storyboard;
			sourceTree = "<group>";
		};
/* End PBXVariantGroup section */

/* Begin XCBuildConfiguration section */
		C1A44F3525DB18B9002BD940 /* Debug */ = {
			isa = XCBuildConfiguration;
			buildSettings = {
				ALWAYS_SEARCH_USER_PATHS = NO;
				CLANG_ANALYZER_NONNULL = YES;
				CLANG_ANALYZER_NUMBER_OBJECT_CONVERSION = YES_AGGRESSIVE;
				CLANG_CXX_LANGUAGE_STANDARD = "gnu++14";
				CLANG_CXX_LIBRARY = "libc++";
				CLANG_ENABLE_MODULES = YES;
				CLANG_ENABLE_OBJC_ARC = YES;
				CLANG_ENABLE_OBJC_WEAK = YES;
				CLANG_WARN_BLOCK_CAPTURE_AUTORELEASING = YES;
				CLANG_WARN_BOOL_CONVERSION = YES;
				CLANG_WARN_COMMA = YES;
				CLANG_WARN_CONSTANT_CONVERSION = YES;
				CLANG_WARN_DEPRECATED_OBJC_IMPLEMENTATIONS = YES;
				CLANG_WARN_DIRECT_OBJC_ISA_USAGE = YES_ERROR;
				CLANG_WARN_DOCUMENTATION_COMMENTS = YES;
				CLANG_WARN_EMPTY_BODY = YES;
				CLANG_WARN_ENUM_CONVERSION = YES;
				CLANG_WARN_INFINITE_RECURSION = YES;
				CLANG_WARN_INT_CONVERSION = YES;
				CLANG_WARN_NON_LITERAL_NULL_CONVERSION = YES;
				CLANG_WARN_OBJC_IMPLICIT_RETAIN_SELF = YES;
				CLANG_WARN_OBJC_LITERAL_CONVERSION = YES;
				CLANG_WARN_OBJC_ROOT_CLASS = YES_ERROR;
				CLANG_WARN_QUOTED_INCLUDE_IN_FRAMEWORK_HEADER = YES;
				CLANG_WARN_RANGE_LOOP_ANALYSIS = YES;
				CLANG_WARN_STRICT_PROTOTYPES = YES;
				CLANG_WARN_SUSPICIOUS_MOVE = YES;
				CLANG_WARN_UNGUARDED_AVAILABILITY = YES_AGGRESSIVE;
				CLANG_WARN_UNREACHABLE_CODE = YES;
				CLANG_WARN__DUPLICATE_METHOD_MATCH = YES;
				COPY_PHASE_STRIP = NO;
				DEBUG_INFORMATION_FORMAT = dwarf;
				ENABLE_STRICT_OBJC_MSGSEND = YES;
				ENABLE_TESTABILITY = YES;
				GCC_C_LANGUAGE_STANDARD = gnu11;
				GCC_DYNAMIC_NO_PIC = NO;
				GCC_NO_COMMON_BLOCKS = YES;
				GCC_OPTIMIZATION_LEVEL = 0;
				GCC_PREPROCESSOR_DEFINITIONS = (
					"DEBUG=1",
					"$(inherited)",
				);
				GCC_WARN_64_TO_32_BIT_CONVERSION = YES;
				GCC_WARN_ABOUT_RETURN_TYPE = YES_ERROR;
				GCC_WARN_UNDECLARED_SELECTOR = YES;
				GCC_WARN_UNINITIALIZED_AUTOS = YES_AGGRESSIVE;
				GCC_WARN_UNUSED_FUNCTION = YES;
				GCC_WARN_UNUSED_VARIABLE = YES;
				IPHONEOS_DEPLOYMENT_TARGET = 14.3;
				MTL_ENABLE_DEBUG_INFO = INCLUDE_SOURCE;
				MTL_FAST_MATH = YES;
				ONLY_ACTIVE_ARCH = YES;
				SDKROOT = iphoneos;
				SWIFT_ACTIVE_COMPILATION_CONDITIONS = DEBUG;
				SWIFT_OPTIMIZATION_LEVEL = "-Onone";
			};
			name = Debug;
		};
		C1A44F3625DB18B9002BD940 /* Release */ = {
			isa = XCBuildConfiguration;
			buildSettings = {
				ALWAYS_SEARCH_USER_PATHS = NO;
				CLANG_ANALYZER_NONNULL = YES;
				CLANG_ANALYZER_NUMBER_OBJECT_CONVERSION = YES_AGGRESSIVE;
				CLANG_CXX_LANGUAGE_STANDARD = "gnu++14";
				CLANG_CXX_LIBRARY = "libc++";
				CLANG_ENABLE_MODULES = YES;
				CLANG_ENABLE_OBJC_ARC = YES;
				CLANG_ENABLE_OBJC_WEAK = YES;
				CLANG_WARN_BLOCK_CAPTURE_AUTORELEASING = YES;
				CLANG_WARN_BOOL_CONVERSION = YES;
				CLANG_WARN_COMMA = YES;
				CLANG_WARN_CONSTANT_CONVERSION = YES;
				CLANG_WARN_DEPRECATED_OBJC_IMPLEMENTATIONS = YES;
				CLANG_WARN_DIRECT_OBJC_ISA_USAGE = YES_ERROR;
				CLANG_WARN_DOCUMENTATION_COMMENTS = YES;
				CLANG_WARN_EMPTY_BODY = YES;
				CLANG_WARN_ENUM_CONVERSION = YES;
				CLANG_WARN_INFINITE_RECURSION = YES;
				CLANG_WARN_INT_CONVERSION = YES;
				CLANG_WARN_NON_LITERAL_NULL_CONVERSION = YES;
				CLANG_WARN_OBJC_IMPLICIT_RETAIN_SELF = YES;
				CLANG_WARN_OBJC_LITERAL_CONVERSION = YES;
				CLANG_WARN_OBJC_ROOT_CLASS = YES_ERROR;
				CLANG_WARN_QUOTED_INCLUDE_IN_FRAMEWORK_HEADER = YES;
				CLANG_WARN_RANGE_LOOP_ANALYSIS = YES;
				CLANG_WARN_STRICT_PROTOTYPES = YES;
				CLANG_WARN_SUSPICIOUS_MOVE = YES;
				CLANG_WARN_UNGUARDED_AVAILABILITY = YES_AGGRESSIVE;
				CLANG_WARN_UNREACHABLE_CODE = YES;
				CLANG_WARN__DUPLICATE_METHOD_MATCH = YES;
				COPY_PHASE_STRIP = NO;
				DEBUG_INFORMATION_FORMAT = "dwarf-with-dsym";
				ENABLE_NS_ASSERTIONS = NO;
				ENABLE_STRICT_OBJC_MSGSEND = YES;
				GCC_C_LANGUAGE_STANDARD = gnu11;
				GCC_NO_COMMON_BLOCKS = YES;
				GCC_WARN_64_TO_32_BIT_CONVERSION = YES;
				GCC_WARN_ABOUT_RETURN_TYPE = YES_ERROR;
				GCC_WARN_UNDECLARED_SELECTOR = YES;
				GCC_WARN_UNINITIALIZED_AUTOS = YES_AGGRESSIVE;
				GCC_WARN_UNUSED_FUNCTION = YES;
				GCC_WARN_UNUSED_VARIABLE = YES;
				IPHONEOS_DEPLOYMENT_TARGET = 14.3;
				MTL_ENABLE_DEBUG_INFO = NO;
				MTL_FAST_MATH = YES;
				SDKROOT = iphoneos;
				SWIFT_COMPILATION_MODE = wholemodule;
				SWIFT_OPTIMIZATION_LEVEL = "-O";
				VALIDATE_PRODUCT = YES;
			};
			name = Release;
		};
		C1A44F3825DB18B9002BD940 /* Debug */ = {
			isa = XCBuildConfiguration;
			baseConfigurationReference = AAEB6620C56924383C8EA5CD /* Pods-flixster.debug.xcconfig */;
			buildSettings = {
				ASSETCATALOG_COMPILER_APPICON_NAME = AppIcon;
				ASSETCATALOG_COMPILER_GLOBAL_ACCENT_COLOR_NAME = AccentColor;
				CODE_SIGN_STYLE = Automatic;
				INFOPLIST_FILE = flixster/Info.plist;
				LD_RUNPATH_SEARCH_PATHS = (
					"$(inherited)",
					"@executable_path/Frameworks",
				);
				PRODUCT_BUNDLE_IDENTIFIER = Codepath.flixster;
				PRODUCT_NAME = "$(TARGET_NAME)";
				SWIFT_VERSION = 5.0;
				TARGETED_DEVICE_FAMILY = "1,2";
			};
			name = Debug;
		};
		C1A44F3925DB18B9002BD940 /* Release */ = {
			isa = XCBuildConfiguration;
			baseConfigurationReference = 1AFBB8B62DB8BCA60FCF6D93 /* Pods-flixster.release.xcconfig */;
			buildSettings = {
				ASSETCATALOG_COMPILER_APPICON_NAME = AppIcon;
				ASSETCATALOG_COMPILER_GLOBAL_ACCENT_COLOR_NAME = AccentColor;
				CODE_SIGN_STYLE = Automatic;
				INFOPLIST_FILE = flixster/Info.plist;
				LD_RUNPATH_SEARCH_PATHS = (
					"$(inherited)",
					"@executable_path/Frameworks",
				);
				PRODUCT_BUNDLE_IDENTIFIER = Codepath.flixster;
				PRODUCT_NAME = "$(TARGET_NAME)";
				SWIFT_VERSION = 5.0;
				TARGETED_DEVICE_FAMILY = "1,2";
			};
			name = Release;
		};
		C1A44F3B25DB18B9002BD940 /* Debug */ = {
			isa = XCBuildConfiguration;
			baseConfigurationReference = EC354A2C572FA3F1CEFE2D88 /* Pods-flixsterTests.debug.xcconfig */;
			buildSettings = {
				ALWAYS_EMBED_SWIFT_STANDARD_LIBRARIES = YES;
				BUNDLE_LOADER = "$(TEST_HOST)";
				CODE_SIGN_STYLE = Automatic;
				INFOPLIST_FILE = flixsterTests/Info.plist;
				IPHONEOS_DEPLOYMENT_TARGET = 14.3;
				LD_RUNPATH_SEARCH_PATHS = (
					"$(inherited)",
					"@executable_path/Frameworks",
					"@loader_path/Frameworks",
				);
				PRODUCT_BUNDLE_IDENTIFIER = Codepath.flixsterTests;
				PRODUCT_NAME = "$(TARGET_NAME)";
				SWIFT_VERSION = 5.0;
				TARGETED_DEVICE_FAMILY = "1,2";
				TEST_HOST = "$(BUILT_PRODUCTS_DIR)/flixster.app/flixster";
			};
			name = Debug;
		};
		C1A44F3C25DB18B9002BD940 /* Release */ = {
			isa = XCBuildConfiguration;
			baseConfigurationReference = 47CEB170345837A60FE20019 /* Pods-flixsterTests.release.xcconfig */;
			buildSettings = {
				ALWAYS_EMBED_SWIFT_STANDARD_LIBRARIES = YES;
				BUNDLE_LOADER = "$(TEST_HOST)";
				CODE_SIGN_STYLE = Automatic;
				INFOPLIST_FILE = flixsterTests/Info.plist;
				IPHONEOS_DEPLOYMENT_TARGET = 14.3;
				LD_RUNPATH_SEARCH_PATHS = (
					"$(inherited)",
					"@executable_path/Frameworks",
					"@loader_path/Frameworks",
				);
				PRODUCT_BUNDLE_IDENTIFIER = Codepath.flixsterTests;
				PRODUCT_NAME = "$(TARGET_NAME)";
				SWIFT_VERSION = 5.0;
				TARGETED_DEVICE_FAMILY = "1,2";
				TEST_HOST = "$(BUILT_PRODUCTS_DIR)/flixster.app/flixster";
			};
			name = Release;
		};
		C1A44F3E25DB18B9002BD940 /* Debug */ = {
			isa = XCBuildConfiguration;
			baseConfigurationReference = FC7BAB13BCBA2BF3DBA2D3FE /* Pods-flixster-flixsterUITests.debug.xcconfig */;
			buildSettings = {
				ALWAYS_EMBED_SWIFT_STANDARD_LIBRARIES = YES;
				CODE_SIGN_STYLE = Automatic;
				INFOPLIST_FILE = flixsterUITests/Info.plist;
				LD_RUNPATH_SEARCH_PATHS = (
					"$(inherited)",
					"@executable_path/Frameworks",
					"@loader_path/Frameworks",
				);
				PRODUCT_BUNDLE_IDENTIFIER = Codepath.flixsterUITests;
				PRODUCT_NAME = "$(TARGET_NAME)";
				SWIFT_VERSION = 5.0;
				TARGETED_DEVICE_FAMILY = "1,2";
				TEST_TARGET_NAME = flixster;
			};
			name = Debug;
		};
		C1A44F3F25DB18B9002BD940 /* Release */ = {
			isa = XCBuildConfiguration;
			baseConfigurationReference = A33E6DE2C83940856BF79181 /* Pods-flixster-flixsterUITests.release.xcconfig */;
			buildSettings = {
				ALWAYS_EMBED_SWIFT_STANDARD_LIBRARIES = YES;
				CODE_SIGN_STYLE = Automatic;
				INFOPLIST_FILE = flixsterUITests/Info.plist;
				LD_RUNPATH_SEARCH_PATHS = (
					"$(inherited)",
					"@executable_path/Frameworks",
					"@loader_path/Frameworks",
				);
				PRODUCT_BUNDLE_IDENTIFIER = Codepath.flixsterUITests;
				PRODUCT_NAME = "$(TARGET_NAME)";
				SWIFT_VERSION = 5.0;
				TARGETED_DEVICE_FAMILY = "1,2";
				TEST_TARGET_NAME = flixster;
			};
			name = Release;
		};
/* End XCBuildConfiguration section */

/* Begin XCConfigurationList section */
		C1A44F0825DB18B6002BD940 /* Build configuration list for PBXProject "flixster" */ = {
			isa = XCConfigurationList;
			buildConfigurations = (
				C1A44F3525DB18B9002BD940 /* Debug */,
				C1A44F3625DB18B9002BD940 /* Release */,
			);
			defaultConfigurationIsVisible = 0;
			defaultConfigurationName = Release;
		};
		C1A44F3725DB18B9002BD940 /* Build configuration list for PBXNativeTarget "flixster" */ = {
			isa = XCConfigurationList;
			buildConfigurations = (
				C1A44F3825DB18B9002BD940 /* Debug */,
				C1A44F3925DB18B9002BD940 /* Release */,
			);
			defaultConfigurationIsVisible = 0;
			defaultConfigurationName = Release;
		};
		C1A44F3A25DB18B9002BD940 /* Build configuration list for PBXNativeTarget "flixsterTests" */ = {
			isa = XCConfigurationList;
			buildConfigurations = (
				C1A44F3B25DB18B9002BD940 /* Debug */,
				C1A44F3C25DB18B9002BD940 /* Release */,
			);
			defaultConfigurationIsVisible = 0;
			defaultConfigurationName = Release;
		};
		C1A44F3D25DB18B9002BD940 /* Build configuration list for PBXNativeTarget "flixsterUITests" */ = {
			isa = XCConfigurationList;
			buildConfigurations = (
				C1A44F3E25DB18B9002BD940 /* Debug */,
				C1A44F3F25DB18B9002BD940 /* Release */,
			);
			defaultConfigurationIsVisible = 0;
			defaultConfigurationName = Release;
		};
/* End XCConfigurationList section */
	};
	rootObject = C1A44F0525DB18B6002BD940 /* Project object */;
}
